
Microsoft Visual Studio Solution File, Format Version 12.00
# Visual Studio 14
VisualStudioVersion = 14.0.25420.1
MinimumVisualStudioVersion = 10.0.40219.1
Project("{2150E333-8FDC-42A3-9474-1A3956D46DE8}") = "Web", "Web", "{E02F9B1D-0FAD-42B2-9269-CDB87AC47E48}"
EndProject
Project("{2150E333-8FDC-42A3-9474-1A3956D46DE8}") = "Data", "Data", "{2FE14749-01C6-4CC0-AA27-C725BE2F8F60}"
EndProject
Project("{2150E333-8FDC-42A3-9474-1A3956D46DE8}") = "Services", "Services", "{27A0E806-0BC9-471A-9AD3-D08AE94986B8}"
EndProject
Project("{2150E333-8FDC-42A3-9474-1A3956D46DE8}") = "Tests", "Tests", "{EEE64622-D063-42F6-9418-0374B286F5C4}"
EndProject
Project("{FAE04EC0-301F-11D3-BF4B-00C04F79EFBC}") = "XmlFeedConsumer.Web", "Web\XmlFeedConsumer.Web\XmlFeedConsumer.Web.csproj", "{7402E0F9-48ED-4377-9F1F-B68192A2A678}"
EndProject
Project("{FAE04EC0-301F-11D3-BF4B-00C04F79EFBC}") = "XmlFeedConsumer.Data.Models", "Data\XmlFeedConsumer.Data.Models\XmlFeedConsumer.Data.Models.csproj", "{2D403C6D-6076-4C4C-8881-F08635EF35C2}"
EndProject
Project("{FAE04EC0-301F-11D3-BF4B-00C04F79EFBC}") = "XmlFeedConsumer.Data.Common", "Data\XmlFeedConsumer.Data.Common\XmlFeedConsumer.Data.Common.csproj", "{1DFC0D07-E3B9-4434-A7AF-D10894048657}"
EndProject
Project("{FAE04EC0-301F-11D3-BF4B-00C04F79EFBC}") = "XmlFeedConsumer.Data", "Data\XmlFeedConsumer.Data\XmlFeedConsumer.Data.csproj", "{BCF6C679-B9B3-477F-833F-25C206AA1CBF}"
EndProject
Project("{FAE04EC0-301F-11D3-BF4B-00C04F79EFBC}") = "XmlFeedConsumer.Services.Data", "Services\XmlFeedConsumer.Services.Data\XmlFeedConsumer.Services.Data.csproj", "{323CDD49-77EA-448B-A421-7CAEBB3189E1}"
EndProject
Project("{2150E333-8FDC-42A3-9474-1A3956D46DE8}") = "Common", "Common", "{9F14E3FB-149F-41F9-B1C2-4080AC85AC50}"
EndProject
Project("{FAE04EC0-301F-11D3-BF4B-00C04F79EFBC}") = "XmlFeedConsumer.Common", "Common\XmlFeedConsumer.Common\XmlFeedConsumer.Common.csproj", "{F0A5BD96-11CD-4672-B50B-9922DC699832}"
EndProject
Project("{FAE04EC0-301F-11D3-BF4B-00C04F79EFBC}") = "XmlFeedConsumer.Web.Infrastructure", "Web\XmlFeedConsumer.Web.Infrastructure\XmlFeedConsumer.Web.Infrastructure.csproj", "{2E9E04AE-FFFC-4C03-B34D-62148B0AEF7F}"
EndProject
Project("{FAE04EC0-301F-11D3-BF4B-00C04F79EFBC}") = "XmlFeedConsumer.Services.Utils", "Services\XmlFeedConsumer.Services.Utils\XmlFeedConsumer.Services.Utils.csproj", "{0CFA03D7-8A98-4E53-AE71-245DFEBF7F8D}"
EndProject
Project("{FAE04EC0-301F-11D3-BF4B-00C04F79EFBC}") = "XmlFeedConsumer.Web.Common", "XmlFeedConsumer.Web.Common\XmlFeedConsumer.Web.Common.csproj", "{D0B1E4F5-F5BB-4726-99AA-E68EE89751DB}"
EndProject
Global
	GlobalSection(SolutionConfigurationPlatforms) = preSolution
		Debug|Any CPU = Debug|Any CPU
		Release|Any CPU = Release|Any CPU
	EndGlobalSection
	GlobalSection(ProjectConfigurationPlatforms) = postSolution
		{7402E0F9-48ED-4377-9F1F-B68192A2A678}.Debug|Any CPU.ActiveCfg = Debug|Any CPU
		{7402E0F9-48ED-4377-9F1F-B68192A2A678}.Debug|Any CPU.Build.0 = Debug|Any CPU
		{7402E0F9-48ED-4377-9F1F-B68192A2A678}.Release|Any CPU.ActiveCfg = Release|Any CPU
		{7402E0F9-48ED-4377-9F1F-B68192A2A678}.Release|Any CPU.Build.0 = Release|Any CPU
		{2D403C6D-6076-4C4C-8881-F08635EF35C2}.Debug|Any CPU.ActiveCfg = Debug|Any CPU
		{2D403C6D-6076-4C4C-8881-F08635EF35C2}.Debug|Any CPU.Build.0 = Debug|Any CPU
		{2D403C6D-6076-4C4C-8881-F08635EF35C2}.Release|Any CPU.ActiveCfg = Release|Any CPU
		{2D403C6D-6076-4C4C-8881-F08635EF35C2}.Release|Any CPU.Build.0 = Release|Any CPU
		{1DFC0D07-E3B9-4434-A7AF-D10894048657}.Debug|Any CPU.ActiveCfg = Debug|Any CPU
		{1DFC0D07-E3B9-4434-A7AF-D10894048657}.Debug|Any CPU.Build.0 = Debug|Any CPU
		{1DFC0D07-E3B9-4434-A7AF-D10894048657}.Release|Any CPU.ActiveCfg = Release|Any CPU
		{1DFC0D07-E3B9-4434-A7AF-D10894048657}.Release|Any CPU.Build.0 = Release|Any CPU
		{BCF6C679-B9B3-477F-833F-25C206AA1CBF}.Debug|Any CPU.ActiveCfg = Debug|Any CPU
		{BCF6C679-B9B3-477F-833F-25C206AA1CBF}.Debug|Any CPU.Build.0 = Debug|Any CPU
		{BCF6C679-B9B3-477F-833F-25C206AA1CBF}.Release|Any CPU.ActiveCfg = Release|Any CPU
		{BCF6C679-B9B3-477F-833F-25C206AA1CBF}.Release|Any CPU.Build.0 = Release|Any CPU
		{323CDD49-77EA-448B-A421-7CAEBB3189E1}.Debug|Any CPU.ActiveCfg = Debug|Any CPU
		{323CDD49-77EA-448B-A421-7CAEBB3189E1}.Debug|Any CPU.Build.0 = Debug|Any CPU
		{323CDD49-77EA-448B-A421-7CAEBB3189E1}.Release|Any CPU.ActiveCfg = Release|Any CPU
		{323CDD49-77EA-448B-A421-7CAEBB3189E1}.Release|Any CPU.Build.0 = Release|Any CPU
		{F0A5BD96-11CD-4672-B50B-9922DC699832}.Debug|Any CPU.ActiveCfg = Debug|Any CPU
		{F0A5BD96-11CD-4672-B50B-9922DC699832}.Debug|Any CPU.Build.0 = Debug|Any CPU
		{F0A5BD96-11CD-4672-B50B-9922DC699832}.Release|Any CPU.ActiveCfg = Release|Any CPU
		{F0A5BD96-11CD-4672-B50B-9922DC699832}.Release|Any CPU.Build.0 = Release|Any CPU
		{2E9E04AE-FFFC-4C03-B34D-62148B0AEF7F}.Debug|Any CPU.ActiveCfg = Debug|Any CPU
		{2E9E04AE-FFFC-4C03-B34D-62148B0AEF7F}.Debug|Any CPU.Build.0 = Debug|Any CPU
		{2E9E04AE-FFFC-4C03-B34D-62148B0AEF7F}.Release|Any CPU.ActiveCfg = Release|Any CPU
		{2E9E04AE-FFFC-4C03-B34D-62148B0AEF7F}.Release|Any CPU.Build.0 = Release|Any CPU
		{0CFA03D7-8A98-4E53-AE71-245DFEBF7F8D}.Debug|Any CPU.ActiveCfg = Debug|Any CPU
		{0CFA03D7-8A98-4E53-AE71-245DFEBF7F8D}.Debug|Any CPU.Build.0 = Debug|Any CPU
		{0CFA03D7-8A98-4E53-AE71-245DFEBF7F8D}.Release|Any CPU.ActiveCfg = Release|Any CPU
		{0CFA03D7-8A98-4E53-AE71-245DFEBF7F8D}.Release|Any CPU.Build.0 = Release|Any CPU
		{D0B1E4F5-F5BB-4726-99AA-E68EE89751DB}.Debug|Any CPU.ActiveCfg = Debug|Any CPU
		{D0B1E4F5-F5BB-4726-99AA-E68EE89751DB}.Debug|Any CPU.Build.0 = Debug|Any CPU
		{D0B1E4F5-F5BB-4726-99AA-E68EE89751DB}.Release|Any CPU.ActiveCfg = Release|Any CPU
		{D0B1E4F5-F5BB-4726-99AA-E68EE89751DB}.Release|Any CPU.Build.0 = Release|Any CPU
	EndGlobalSection
	GlobalSection(SolutionProperties) = preSolution
		HideSolutionNode = FALSE
	EndGlobalSection
	GlobalSection(NestedProjects) = preSolution
		{7402E0F9-48ED-4377-9F1F-B68192A2A678} = {E02F9B1D-0FAD-42B2-9269-CDB87AC47E48}
		{2D403C6D-6076-4C4C-8881-F08635EF35C2} = {2FE14749-01C6-4CC0-AA27-C725BE2F8F60}
		{1DFC0D07-E3B9-4434-A7AF-D10894048657} = {2FE14749-01C6-4CC0-AA27-C725BE2F8F60}
		{BCF6C679-B9B3-477F-833F-25C206AA1CBF} = {2FE14749-01C6-4CC0-AA27-C725BE2F8F60}
		{323CDD49-77EA-448B-A421-7CAEBB3189E1} = {27A0E806-0BC9-471A-9AD3-D08AE94986B8}
		{F0A5BD96-11CD-4672-B50B-9922DC699832} = {9F14E3FB-149F-41F9-B1C2-4080AC85AC50}
		{2E9E04AE-FFFC-4C03-B34D-62148B0AEF7F} = {E02F9B1D-0FAD-42B2-9269-CDB87AC47E48}
		{0CFA03D7-8A98-4E53-AE71-245DFEBF7F8D} = {27A0E806-0BC9-471A-9AD3-D08AE94986B8}
		{D0B1E4F5-F5BB-4726-99AA-E68EE89751DB} = {E02F9B1D-0FAD-42B2-9269-CDB87AC47E48}
	EndGlobalSection
EndGlobal
